
Microsoft Visual Studio Solution File, Format Version 12.00
# Visual Studio 2012
Project("{FAE04EC0-301F-11D3-BF4B-00C04F79EFBC}") = "fabrica", "fabrica\fabrica.csproj", "{96621E5E-B4D8-4F69-B513-B0007BD27340}"
EndProject
Project("{FAE04EC0-301F-11D3-BF4B-00C04F79EFBC}") = "fabrica.iOS", "iOS\fabrica.iOS.csproj", "{DFDC5CC2-7625-4CF4-A078-EE1FA50CA1FB}"
EndProject
Project("{FAE04EC0-301F-11D3-BF4B-00C04F79EFBC}") = "fabrica.Droid", "Droid\fabrica.Droid.csproj", "{0E7759F9-5A94-4B39-9DFE-4AF333AEBD8C}"
EndProject
Global
	GlobalSection(SolutionConfigurationPlatforms) = preSolution
		Debug|Any CPU = Debug|Any CPU
		Release|Any CPU = Release|Any CPU
		Debug|iPhoneSimulator = Debug|iPhoneSimulator
		Release|iPhone = Release|iPhone
		Release|iPhoneSimulator = Release|iPhoneSimulator
		Debug|iPhone = Debug|iPhone
	EndGlobalSection
	GlobalSection(ProjectConfigurationPlatforms) = postSolution
		{96621E5E-B4D8-4F69-B513-B0007BD27340}.Debug|Any CPU.ActiveCfg = Debug|Any CPU
		{96621E5E-B4D8-4F69-B513-B0007BD27340}.Debug|Any CPU.Build.0 = Debug|Any CPU
		{96621E5E-B4D8-4F69-B513-B0007BD27340}.Release|Any CPU.ActiveCfg = Release|Any CPU
		{96621E5E-B4D8-4F69-B513-B0007BD27340}.Release|Any CPU.Build.0 = Release|Any CPU
		{96621E5E-B4D8-4F69-B513-B0007BD27340}.Debug|iPhoneSimulator.ActiveCfg = Debug|Any CPU
		{96621E5E-B4D8-4F69-B513-B0007BD27340}.Debug|iPhoneSimulator.Build.0 = Debug|Any CPU
		{96621E5E-B4D8-4F69-B513-B0007BD27340}.Release|iPhone.ActiveCfg = Release|Any CPU
		{96621E5E-B4D8-4F69-B513-B0007BD27340}.Release|iPhone.Build.0 = Release|Any CPU
		{96621E5E-B4D8-4F69-B513-B0007BD27340}.Release|iPhoneSimulator.ActiveCfg = Release|Any CPU
		{96621E5E-B4D8-4F69-B513-B0007BD27340}.Release|iPhoneSimulator.Build.0 = Release|Any CPU
		{96621E5E-B4D8-4F69-B513-B0007BD27340}.Debug|iPhone.ActiveCfg = Debug|Any CPU
		{96621E5E-B4D8-4F69-B513-B0007BD27340}.Debug|iPhone.Build.0 = Debug|Any CPU
		{DFDC5CC2-7625-4CF4-A078-EE1FA50CA1FB}.Debug|Any CPU.ActiveCfg = Debug|iPhoneSimulator
		{DFDC5CC2-7625-4CF4-A078-EE1FA50CA1FB}.Debug|Any CPU.Build.0 = Debug|iPhoneSimulator
		{DFDC5CC2-7625-4CF4-A078-EE1FA50CA1FB}.Release|Any CPU.ActiveCfg = Release|iPhone
		{DFDC5CC2-7625-4CF4-A078-EE1FA50CA1FB}.Release|Any CPU.Build.0 = Release|iPhone
		{DFDC5CC2-7625-4CF4-A078-EE1FA50CA1FB}.Debug|iPhoneSimulator.ActiveCfg = Debug|iPhoneSimulator
		{DFDC5CC2-7625-4CF4-A078-EE1FA50CA1FB}.Debug|iPhoneSimulator.Build.0 = Debug|iPhoneSimulator
		{DFDC5CC2-7625-4CF4-A078-EE1FA50CA1FB}.Release|iPhone.ActiveCfg = Release|iPhone
		{DFDC5CC2-7625-4CF4-A078-EE1FA50CA1FB}.Release|iPhone.Build.0 = Release|iPhone
		{DFDC5CC2-7625-4CF4-A078-EE1FA50CA1FB}.Release|iPhoneSimulator.ActiveCfg = Release|iPhoneSimulator
		{DFDC5CC2-7625-4CF4-A078-EE1FA50CA1FB}.Release|iPhoneSimulator.Build.0 = Release|iPhoneSimulator
		{DFDC5CC2-7625-4CF4-A078-EE1FA50CA1FB}.Debug|iPhone.ActiveCfg = Debug|iPhone
		{DFDC5CC2-7625-4CF4-A078-EE1FA50CA1FB}.Debug|iPhone.Build.0 = Debug|iPhone
		{0E7759F9-5A94-4B39-9DFE-4AF333AEBD8C}.Debug|Any CPU.ActiveCfg = Debug|Any CPU
		{0E7759F9-5A94-4B39-9DFE-4AF333AEBD8C}.Debug|Any CPU.Build.0 = Debug|Any CPU
		{0E7759F9-5A94-4B39-9DFE-4AF333AEBD8C}.Release|Any CPU.ActiveCfg = Release|Any CPU
		{0E7759F9-5A94-4B39-9DFE-4AF333AEBD8C}.Release|Any CPU.Build.0 = Release|Any CPU
		{0E7759F9-5A94-4B39-9DFE-4AF333AEBD8C}.Debug|iPhoneSimulator.ActiveCfg = Debug|Any CPU
		{0E7759F9-5A94-4B39-9DFE-4AF333AEBD8C}.Debug|iPhoneSimulator.Build.0 = Debug|Any CPU
		{0E7759F9-5A94-4B39-9DFE-4AF333AEBD8C}.Release|iPhone.ActiveCfg = Release|Any CPU
		{0E7759F9-5A94-4B39-9DFE-4AF333AEBD8C}.Release|iPhone.Build.0 = Release|Any CPU
		{0E7759F9-5A94-4B39-9DFE-4AF333AEBD8C}.Release|iPhoneSimulator.ActiveCfg = Release|Any CPU
		{0E7759F9-5A94-4B39-9DFE-4AF333AEBD8C}.Release|iPhoneSimulator.Build.0 = Release|Any CPU
		{0E7759F9-5A94-4B39-9DFE-4AF333AEBD8C}.Debug|iPhone.ActiveCfg = Debug|Any CPU
		{0E7759F9-5A94-4B39-9DFE-4AF333AEBD8C}.Debug|iPhone.Build.0 = Debug|Any CPU
	EndGlobalSection
EndGlobal
